// !$*UTF8*$!
{
	archiveVersion = 1;
	classes = {
	};
	objectVersion = 51;
	objects = {

/* Begin PBXBuildFile section */
		DD9ADFEA18825D29FACE6D6B /* Pods_TikTokMusic.framework in Frameworks */ = {isa = PBXBuildFile; fileRef = ED822A26738EA4E8257FEBD6 /* Pods_TikTokMusic.framework */; };
		EB4688BC257F77C300092D6D /* AppDelegate.swift in Sources */ = {isa = PBXBuildFile; fileRef = EB4688BB257F77C300092D6D /* AppDelegate.swift */; };
		EB4688BE257F77C300092D6D /* SceneDelegate.swift in Sources */ = {isa = PBXBuildFile; fileRef = EB4688BD257F77C300092D6D /* SceneDelegate.swift */; };
		EB4688C3257F77C300092D6D /* Main.storyboard in Resources */ = {isa = PBXBuildFile; fileRef = EB4688C1257F77C300092D6D /* Main.storyboard */; };
		EB4688C5257F77C500092D6D /* Assets.xcassets in Resources */ = {isa = PBXBuildFile; fileRef = EB4688C4257F77C500092D6D /* Assets.xcassets */; };
		EB4688C8257F77C500092D6D /* LaunchScreen.storyboard in Resources */ = {isa = PBXBuildFile; fileRef = EB4688C6257F77C500092D6D /* LaunchScreen.storyboard */; };
		EB68B357257F92BC007D0DA9 /* ViewController.swift in Sources */ = {isa = PBXBuildFile; fileRef = EB68B356257F92BC007D0DA9 /* ViewController.swift */; };
		EB68B35A25808B72007D0DA9 /* SetUpViewController.swift in Sources */ = {isa = PBXBuildFile; fileRef = EB68B35925808B72007D0DA9 /* SetUpViewController.swift */; };
/* End PBXBuildFile section */

/* Begin PBXFileReference section */
		255148BA285FAF27D051AC01 /* Pods-TikTokMusic.debug.xcconfig */ = {isa = PBXFileReference; includeInIndex = 1; lastKnownFileType = text.xcconfig; name = "Pods-TikTokMusic.debug.xcconfig"; path = "Target Support Files/Pods-TikTokMusic/Pods-TikTokMusic.debug.xcconfig"; sourceTree = "<group>"; };
		2E4EC6659C9EC35E796E61B0 /* Pods-TikTokMusic.release.xcconfig */ = {isa = PBXFileReference; includeInIndex = 1; lastKnownFileType = text.xcconfig; name = "Pods-TikTokMusic.release.xcconfig"; path = "Target Support Files/Pods-TikTokMusic/Pods-TikTokMusic.release.xcconfig"; sourceTree = "<group>"; };
		EB4688B8257F77C300092D6D /* TikTokMusic.app */ = {isa = PBXFileReference; explicitFileType = wrapper.application; includeInIndex = 0; path = TikTokMusic.app; sourceTree = BUILT_PRODUCTS_DIR; };
		EB4688BB257F77C300092D6D /* AppDelegate.swift */ = {isa = PBXFileReference; lastKnownFileType = sourcecode.swift; path = AppDelegate.swift; sourceTree = "<group>"; };
		EB4688BD257F77C300092D6D /* SceneDelegate.swift */ = {isa = PBXFileReference; lastKnownFileType = sourcecode.swift; path = SceneDelegate.swift; sourceTree = "<group>"; };
		EB4688C2257F77C300092D6D /* Base */ = {isa = PBXFileReference; lastKnownFileType = file.storyboard; name = Base; path = Base.lproj/Main.storyboard; sourceTree = "<group>"; };
		EB4688C4257F77C500092D6D /* Assets.xcassets */ = {isa = PBXFileReference; lastKnownFileType = folder.assetcatalog; path = Assets.xcassets; sourceTree = "<group>"; };
		EB4688C7257F77C500092D6D /* Base */ = {isa = PBXFileReference; lastKnownFileType = file.storyboard; name = Base; path = Base.lproj/LaunchScreen.storyboard; sourceTree = "<group>"; };
		EB4688C9257F77C500092D6D /* Info.plist */ = {isa = PBXFileReference; lastKnownFileType = text.plist.xml; path = Info.plist; sourceTree = "<group>"; };
		EB68B356257F92BC007D0DA9 /* ViewController.swift */ = {isa = PBXFileReference; lastKnownFileType = sourcecode.swift; path = ViewController.swift; sourceTree = "<group>"; };
		EB68B35925808B72007D0DA9 /* SetUpViewController.swift */ = {isa = PBXFileReference; lastKnownFileType = sourcecode.swift; path = SetUpViewController.swift; sourceTree = "<group>"; };
		ED822A26738EA4E8257FEBD6 /* Pods_TikTokMusic.framework */ = {isa = PBXFileReference; explicitFileType = wrapper.framework; includeInIndex = 0; path = Pods_TikTokMusic.framework; sourceTree = BUILT_PRODUCTS_DIR; };
/* End PBXFileReference section */

/* Begin PBXFrameworksBuildPhase section */
		EB4688B5257F77C300092D6D /* Frameworks */ = {
			isa = PBXFrameworksBuildPhase;
			buildActionMask = 2147483647;
			files = (
				DD9ADFEA18825D29FACE6D6B /* Pods_TikTokMusic.framework in Frameworks */,
			);
			runOnlyForDeploymentPostprocessing = 0;
		};
/* End PBXFrameworksBuildPhase section */

/* Begin PBXGroup section */
		205D08A621C22A4E7185D0FC /* Pods */ = {
			isa = PBXGroup;
			children = (
				255148BA285FAF27D051AC01 /* Pods-TikTokMusic.debug.xcconfig */,
				2E4EC6659C9EC35E796E61B0 /* Pods-TikTokMusic.release.xcconfig */,
			);
			path = Pods;
			sourceTree = "<group>";
		};
		951B6C11D4723706257FD9DB /* Frameworks */ = {
			isa = PBXGroup;
			children = (
				ED822A26738EA4E8257FEBD6 /* Pods_TikTokMusic.framework */,
			);
			name = Frameworks;
			sourceTree = "<group>";
		};
		EB4688AF257F77C300092D6D = {
			isa = PBXGroup;
			children = (
				EB4688BA257F77C300092D6D /* TikTokMusic */,
				EB4688B9257F77C300092D6D /* Products */,
				205D08A621C22A4E7185D0FC /* Pods */,
				951B6C11D4723706257FD9DB /* Frameworks */,
			);
			sourceTree = "<group>";
		};
		EB4688B9257F77C300092D6D /* Products */ = {
			isa = PBXGroup;
			children = (
				EB4688B8257F77C300092D6D /* TikTokMusic.app */,
			);
			name = Products;
			sourceTree = "<group>";
		};
		EB4688BA257F77C300092D6D /* TikTokMusic */ = {
			isa = PBXGroup;
			children = (
				EB68B35D25808CCB007D0DA9 /* Util */,
				EBA37431257F7CD7000F0983 /* View */,
				EBA37430257F7CD1000F0983 /* Model */,
				EBA3742F257F7CCA000F0983 /* Controller */,
				EB4688C9257F77C500092D6D /* Info.plist */,
			);
			path = TikTokMusic;
			sourceTree = "<group>";
		};
		EB68B35D25808CCB007D0DA9 /* Util */ = {
			isa = PBXGroup;
			children = (
			);
			path = Util;
			sourceTree = "<group>";
		};
		EBA3742F257F7CCA000F0983 /* Controller */ = {
			isa = PBXGroup;
			children = (
				EB4688BB257F77C300092D6D /* AppDelegate.swift */,
				EB4688BD257F77C300092D6D /* SceneDelegate.swift */,
				EB68B356257F92BC007D0DA9 /* ViewController.swift */,
				EB68B35925808B72007D0DA9 /* SetUpViewController.swift */,
			);
			path = Controller;
			sourceTree = "<group>";
		};
		EBA37430257F7CD1000F0983 /* Model */ = {
			isa = PBXGroup;
			children = (
			);
			path = Model;
			sourceTree = "<group>";
		};
		EBA37431257F7CD7000F0983 /* View */ = {
			isa = PBXGroup;
			children = (
				EB4688C1257F77C300092D6D /* Main.storyboard */,
				EB4688C4257F77C500092D6D /* Assets.xcassets */,
				EB4688C6257F77C500092D6D /* LaunchScreen.storyboard */,
			);
			path = View;
			sourceTree = "<group>";
		};
/* End PBXGroup section */

/* Begin PBXNativeTarget section */
		EB4688B7257F77C300092D6D /* TikTokMusic */ = {
			isa = PBXNativeTarget;
			buildConfigurationList = EB4688CC257F77C500092D6D /* Build configuration list for PBXNativeTarget "TikTokMusic" */;
			buildPhases = (
				D2B1C240E112413A8F31A82E /* [CP] Check Pods Manifest.lock */,
				EB4688B4257F77C300092D6D /* Sources */,
				EB4688B5257F77C300092D6D /* Frameworks */,
				EB4688B6257F77C300092D6D /* Resources */,
				8D5AE28EB07D9C631352BDE5 /* [CP] Embed Pods Frameworks */,
			);
			buildRules = (
			);
			dependencies = (
			);
			name = TikTokMusic;
			productName = TikTokMusic;
			productReference = EB4688B8257F77C300092D6D /* TikTokMusic.app */;
			productType = "com.apple.product-type.application";
		};
/* End PBXNativeTarget section */

/* Begin PBXProject section */
		EB4688B0257F77C300092D6D /* Project object */ = {
			isa = PBXProject;
			attributes = {
				LastSwiftUpdateCheck = 1220;
				LastUpgradeCheck = 1220;
				TargetAttributes = {
					EB4688B7257F77C300092D6D = {
						CreatedOnToolsVersion = 12.2;
					};
				};
			};
			buildConfigurationList = EB4688B3257F77C300092D6D /* Build configuration list for PBXProject "TikTokMusic" */;
			compatibilityVersion = "Xcode 9.3";
			developmentRegion = en;
			hasScannedForEncodings = 0;
			knownRegions = (
				en,
				Base,
			);
			mainGroup = EB4688AF257F77C300092D6D;
			productRefGroup = EB4688B9257F77C300092D6D /* Products */;
			projectDirPath = "";
			projectRoot = "";
			targets = (
				EB4688B7257F77C300092D6D /* TikTokMusic */,
			);
		};
/* End PBXProject section */

/* Begin PBXResourcesBuildPhase section */
		EB4688B6257F77C300092D6D /* Resources */ = {
			isa = PBXResourcesBuildPhase;
			buildActionMask = 2147483647;
			files = (
				EB4688C8257F77C500092D6D /* LaunchScreen.storyboard in Resources */,
				EB4688C5257F77C500092D6D /* Assets.xcassets in Resources */,
				EB4688C3257F77C300092D6D /* Main.storyboard in Resources */,
			);
			runOnlyForDeploymentPostprocessing = 0;
		};
/* End PBXResourcesBuildPhase section */

/* Begin PBXShellScriptBuildPhase section */
		8D5AE28EB07D9C631352BDE5 /* [CP] Embed Pods Frameworks */ = {
			isa = PBXShellScriptBuildPhase;
			buildActionMask = 2147483647;
			files = (
			);
			inputFileListPaths = (
				"${PODS_ROOT}/Target Support Files/Pods-TikTokMusic/Pods-TikTokMusic-frameworks-${CONFIGURATION}-input-files.xcfilelist",
			);
			name = "[CP] Embed Pods Frameworks";
			outputFileListPaths = (
				"${PODS_ROOT}/Target Support Files/Pods-TikTokMusic/Pods-TikTokMusic-frameworks-${CONFIGURATION}-output-files.xcfilelist",
			);
			runOnlyForDeploymentPostprocessing = 0;
			shellPath = /bin/sh;
			shellScript = "\"${PODS_ROOT}/Target Support Files/Pods-TikTokMusic/Pods-TikTokMusic-frameworks.sh\"\n";
			showEnvVarsInLog = 0;
		};
		D2B1C240E112413A8F31A82E /* [CP] Check Pods Manifest.lock */ = {
			isa = PBXShellScriptBuildPhase;
			buildActionMask = 2147483647;
			files = (
			);
			inputFileListPaths = (
			);
			inputPaths = (
				"${PODS_PODFILE_DIR_PATH}/Podfile.lock",
				"${PODS_ROOT}/Manifest.lock",
			);
			name = "[CP] Check Pods Manifest.lock";
			outputFileListPaths = (
			);
			outputPaths = (
				"$(DERIVED_FILE_DIR)/Pods-TikTokMusic-checkManifestLockResult.txt",
			);
			runOnlyForDeploymentPostprocessing = 0;
			shellPath = /bin/sh;
			shellScript = "diff \"${PODS_PODFILE_DIR_PATH}/Podfile.lock\" \"${PODS_ROOT}/Manifest.lock\" > /dev/null\nif [ $? != 0 ] ; then\n    # print error to STDERR\n    echo \"error: The sandbox is not in sync with the Podfile.lock. Run 'pod install' or update your CocoaPods installation.\" >&2\n    exit 1\nfi\n# This output is used by Xcode 'outputs' to avoid re-running this script phase.\necho \"SUCCESS\" > \"${SCRIPT_OUTPUT_FILE_0}\"\n";
			showEnvVarsInLog = 0;
		};
/* End PBXShellScriptBuildPhase section */

/* Begin PBXSourcesBuildPhase section */
		EB4688B4257F77C300092D6D /* Sources */ = {
			isa = PBXSourcesBuildPhase;
			buildActionMask = 2147483647;
			files = (
				EB68B35A25808B72007D0DA9 /* SetUpViewController.swift in Sources */,
				EB68B357257F92BC007D0DA9 /* ViewController.swift in Sources */,
				EB4688BC257F77C300092D6D /* AppDelegate.swift in Sources */,
				EB4688BE257F77C300092D6D /* SceneDelegate.swift in Sources */,
			);
			runOnlyForDeploymentPostprocessing = 0;
		};
/* End PBXSourcesBuildPhase section */

/* Begin PBXVariantGroup section */
		EB4688C1257F77C300092D6D /* Main.storyboard */ = {
			isa = PBXVariantGroup;
			children = (
				EB4688C2257F77C300092D6D /* Base */,
			);
			name = Main.storyboard;
			sourceTree = "<group>";
		};
		EB4688C6257F77C500092D6D /* LaunchScreen.storyboard */ = {
			isa = PBXVariantGroup;
			children = (
				EB4688C7257F77C500092D6D /* Base */,
			);
			name = LaunchScreen.storyboard;
			sourceTree = "<group>";
		};
/* End PBXVariantGroup section */

/* Begin XCBuildConfiguration section */
		EB4688CA257F77C500092D6D /* Debug */ = {
			isa = XCBuildConfiguration;
			buildSettings = {
				ALWAYS_SEARCH_USER_PATHS = NO;
				CLANG_ANALYZER_NONNULL = YES;
				CLANG_ANALYZER_NUMBER_OBJECT_CONVERSION = YES_AGGRESSIVE;
				CLANG_CXX_LANGUAGE_STANDARD = "gnu++14";
				CLANG_CXX_LIBRARY = "libc++";
				CLANG_ENABLE_MODULES = YES;
				CLANG_ENABLE_OBJC_ARC = YES;
				CLANG_ENABLE_OBJC_WEAK = YES;
				CLANG_WARN_BLOCK_CAPTURE_AUTORELEASING = YES;
				CLANG_WARN_BOOL_CONVERSION = YES;
				CLANG_WARN_COMMA = YES;
				CLANG_WARN_CONSTANT_CONVERSION = YES;
				CLANG_WARN_DEPRECATED_OBJC_IMPLEMENTATIONS = YES;
				CLANG_WARN_DIRECT_OBJC_ISA_USAGE = YES_ERROR;
				CLANG_WARN_DOCUMENTATION_COMMENTS = YES;
				CLANG_WARN_EMPTY_BODY = YES;
				CLANG_WARN_ENUM_CONVERSION = YES;
				CLANG_WARN_INFINITE_RECURSION = YES;
				CLANG_WARN_INT_CONVERSION = YES;
				CLANG_WARN_NON_LITERAL_NULL_CONVERSION = YES;
				CLANG_WARN_OBJC_IMPLICIT_RETAIN_SELF = YES;
				CLANG_WARN_OBJC_LITERAL_CONVERSION = YES;
				CLANG_WARN_OBJC_ROOT_CLASS = YES_ERROR;
				CLANG_WARN_QUOTED_INCLUDE_IN_FRAMEWORK_HEADER = YES;
				CLANG_WARN_RANGE_LOOP_ANALYSIS = YES;
				CLANG_WARN_STRICT_PROTOTYPES = YES;
				CLANG_WARN_SUSPICIOUS_MOVE = YES;
				CLANG_WARN_UNGUARDED_AVAILABILITY = YES_AGGRESSIVE;
				CLANG_WARN_UNREACHABLE_CODE = YES;
				CLANG_WARN__DUPLICATE_METHOD_MATCH = YES;
				COPY_PHASE_STRIP = NO;
				DEBUG_INFORMATION_FORMAT = dwarf;
				ENABLE_STRICT_OBJC_MSGSEND = YES;
				ENABLE_TESTABILITY = YES;
				GCC_C_LANGUAGE_STANDARD = gnu11;
				GCC_DYNAMIC_NO_PIC = NO;
				GCC_NO_COMMON_BLOCKS = YES;
				GCC_OPTIMIZATION_LEVEL = 0;
				GCC_PREPROCESSOR_DEFINITIONS = (
					"DEBUG=1",
					"$(inherited)",
				);
				GCC_WARN_64_TO_32_BIT_CONVERSION = YES;
				GCC_WARN_ABOUT_RETURN_TYPE = YES_ERROR;
				GCC_WARN_UNDECLARED_SELECTOR = YES;
				GCC_WARN_UNINITIALIZED_AUTOS = YES_AGGRESSIVE;
				GCC_WARN_UNUSED_FUNCTION = YES;
				GCC_WARN_UNUSED_VARIABLE = YES;
				IPHONEOS_DEPLOYMENT_TARGET = 14.2;
				MTL_ENABLE_DEBUG_INFO = INCLUDE_SOURCE;
				MTL_FAST_MATH = YES;
				ONLY_ACTIVE_ARCH = YES;
				SDKROOT = iphoneos;
				SWIFT_ACTIVE_COMPILATION_CONDITIONS = DEBUG;
				SWIFT_OPTIMIZATION_LEVEL = "-Onone";
			};
			name = Debug;
		};
		EB4688CB257F77C500092D6D /* Release */ = {
			isa = XCBuildConfiguration;
			buildSettings = {
				ALWAYS_SEARCH_USER_PATHS = NO;
				CLANG_ANALYZER_NONNULL = YES;
				CLANG_ANALYZER_NUMBER_OBJECT_CONVERSION = YES_AGGRESSIVE;
				CLANG_CXX_LANGUAGE_STANDARD = "gnu++14";
				CLANG_CXX_LIBRARY = "libc++";
				CLANG_ENABLE_MODULES = YES;
				CLANG_ENABLE_OBJC_ARC = YES;
				CLANG_ENABLE_OBJC_WEAK = YES;
				CLANG_WARN_BLOCK_CAPTURE_AUTORELEASING = YES;
				CLANG_WARN_BOOL_CONVERSION = YES;
				CLANG_WARN_COMMA = YES;
				CLANG_WARN_CONSTANT_CONVERSION = YES;
				CLANG_WARN_DEPRECATED_OBJC_IMPLEMENTATIONS = YES;
				CLANG_WARN_DIRECT_OBJC_ISA_USAGE = YES_ERROR;
				CLANG_WARN_DOCUMENTATION_COMMENTS = YES;
				CLANG_WARN_EMPTY_BODY = YES;
				CLANG_WARN_ENUM_CONVERSION = YES;
				CLANG_WARN_INFINITE_RECURSION = YES;
				CLANG_WARN_INT_CONVERSION = YES;
				CLANG_WARN_NON_LITERAL_NULL_CONVERSION = YES;
				CLANG_WARN_OBJC_IMPLICIT_RETAIN_SELF = YES;
				CLANG_WARN_OBJC_LITERAL_CONVERSION = YES;
				CLANG_WARN_OBJC_ROOT_CLASS = YES_ERROR;
				CLANG_WARN_QUOTED_INCLUDE_IN_FRAMEWORK_HEADER = YES;
				CLANG_WARN_RANGE_LOOP_ANALYSIS = YES;
				CLANG_WARN_STRICT_PROTOTYPES = YES;
				CLANG_WARN_SUSPICIOUS_MOVE = YES;
				CLANG_WARN_UNGUARDED_AVAILABILITY = YES_AGGRESSIVE;
				CLANG_WARN_UNREACHABLE_CODE = YES;
				CLANG_WARN__DUPLICATE_METHOD_MATCH = YES;
				COPY_PHASE_STRIP = NO;
				DEBUG_INFORMATION_FORMAT = "dwarf-with-dsym";
				ENABLE_NS_ASSERTIONS = NO;
				ENABLE_STRICT_OBJC_MSGSEND = YES;
				GCC_C_LANGUAGE_STANDARD = gnu11;
				GCC_NO_COMMON_BLOCKS = YES;
				GCC_WARN_64_TO_32_BIT_CONVERSION = YES;
				GCC_WARN_ABOUT_RETURN_TYPE = YES_ERROR;
				GCC_WARN_UNDECLARED_SELECTOR = YES;
				GCC_WARN_UNINITIALIZED_AUTOS = YES_AGGRESSIVE;
				GCC_WARN_UNUSED_FUNCTION = YES;
				GCC_WARN_UNUSED_VARIABLE = YES;
				IPHONEOS_DEPLOYMENT_TARGET = 14.2;
				MTL_ENABLE_DEBUG_INFO = NO;
				MTL_FAST_MATH = YES;
				SDKROOT = iphoneos;
				SWIFT_COMPILATION_MODE = wholemodule;
				SWIFT_OPTIMIZATION_LEVEL = "-O";
				VALIDATE_PRODUCT = YES;
			};
			name = Release;
		};
		EB4688CD257F77C500092D6D /* Debug */ = {
			isa = XCBuildConfiguration;
			baseConfigurationReference = 255148BA285FAF27D051AC01 /* Pods-TikTokMusic.debug.xcconfig */;
			buildSettings = {
				ASSETCATALOG_COMPILER_APPICON_NAME = AppIcon;
				ASSETCATALOG_COMPILER_GLOBAL_ACCENT_COLOR_NAME = AccentColor;
				CODE_SIGN_STYLE = Automatic;
				INFOPLIST_FILE = TikTokMusic/Info.plist;
				LD_RUNPATH_SEARCH_PATHS = (
					"$(inherited)",
					"@executable_path/Frameworks",
				);
				PRODUCT_BUNDLE_IDENTIFIER = com.LIAM.TikTokMusic;
				PRODUCT_NAME = "$(TARGET_NAME)";
				SWIFT_VERSION = 5.0;
				TARGETED_DEVICE_FAMILY = "1,2";
			};
			name = Debug;
		};
		EB4688CE257F77C500092D6D /* Release */ = {
			isa = XCBuildConfiguration;
			baseConfigurationReference = 2E4EC6659C9EC35E796E61B0 /* Pods-TikTokMusic.release.xcconfig */;
			buildSettings = {
				ASSETCATALOG_COMPILER_APPICON_NAME = AppIcon;
				ASSETCATALOG_COMPILER_GLOBAL_ACCENT_COLOR_NAME = AccentColor;
				CODE_SIGN_STYLE = Automatic;
				INFOPLIST_FILE = TikTokMusic/Info.plist;
				LD_RUNPATH_SEARCH_PATHS = (
					"$(inherited)",
					"@executable_path/Frameworks",
				);
				PRODUCT_BUNDLE_IDENTIFIER = com.LIAM.TikTokMusic;
				PRODUCT_NAME = "$(TARGET_NAME)";
				SWIFT_VERSION = 5.0;
				TARGETED_DEVICE_FAMILY = "1,2";
			};
			name = Release;
		};
/* End XCBuildConfiguration section */

/* Begin XCConfigurationList section */
		EB4688B3257F77C300092D6D /* Build configuration list for PBXProject "TikTokMusic" */ = {
			isa = XCConfigurationList;
			buildConfigurations = (
				EB4688CA257F77C500092D6D /* Debug */,
				EB4688CB257F77C500092D6D /* Release */,
			);
			defaultConfigurationIsVisible = 0;
			defaultConfigurationName = Release;
		};
		EB4688CC257F77C500092D6D /* Build configuration list for PBXNativeTarget "TikTokMusic" */ = {
			isa = XCConfigurationList;
			buildConfigurations = (
				EB4688CD257F77C500092D6D /* Debug */,
				EB4688CE257F77C500092D6D /* Release */,
			);
			defaultConfigurationIsVisible = 0;
			defaultConfigurationName = Release;
		};
/* End XCConfigurationList section */
	};
	rootObject = EB4688B0257F77C300092D6D /* Project object */;
}
